// !$*UTF8*$!
{
	archiveVersion = 1;
	classes = {
	};
	objectVersion = 50;
	objects = {

/* Begin PBXBuildFile section */
		EFEF7046244DFA130088E3FA /* AppDelegate.swift in Sources */ = {isa = PBXBuildFile; fileRef = EFEF7045244DFA130088E3FA /* AppDelegate.swift */; };
		EFEF7048244DFA130088E3FA /* SceneDelegate.swift in Sources */ = {isa = PBXBuildFile; fileRef = EFEF7047244DFA130088E3FA /* SceneDelegate.swift */; };
		EFEF704A244DFA130088E3FA /* ContentView.swift in Sources */ = {isa = PBXBuildFile; fileRef = EFEF7049244DFA130088E3FA /* ContentView.swift */; };
		EFEF704C244DFA150088E3FA /* Assets.xcassets in Resources */ = {isa = PBXBuildFile; fileRef = EFEF704B244DFA150088E3FA /* Assets.xcassets */; };
		EFEF704F244DFA150088E3FA /* Preview Assets.xcassets in Resources */ = {isa = PBXBuildFile; fileRef = EFEF704E244DFA150088E3FA /* Preview Assets.xcassets */; };
		EFEF7052244DFA150088E3FA /* LaunchScreen.storyboard in Resources */ = {isa = PBXBuildFile; fileRef = EFEF7050244DFA150088E3FA /* LaunchScreen.storyboard */; };
		EFEF705D244DFA150088E3FA /* SwiftUIChatAppUITests.swift in Sources */ = {isa = PBXBuildFile; fileRef = EFEF705C244DFA150088E3FA /* SwiftUIChatAppUITests.swift */; };
/* End PBXBuildFile section */

/* Begin PBXContainerItemProxy section */
		EFEF7059244DFA150088E3FA /* PBXContainerItemProxy */ = {
			isa = PBXContainerItemProxy;
			containerPortal = EFEF703A244DFA130088E3FA /* Project object */;
			proxyType = 1;
			remoteGlobalIDString = EFEF7041244DFA130088E3FA;
			remoteInfo = SwiftUIChatApp;
		};
/* End PBXContainerItemProxy section */

/* Begin PBXFileReference section */
		EFEF7042244DFA130088E3FA /* SwiftUIChatApp.app */ = {isa = PBXFileReference; explicitFileType = wrapper.application; includeInIndex = 0; path = SwiftUIChatApp.app; sourceTree = BUILT_PRODUCTS_DIR; };
		EFEF7045244DFA130088E3FA /* AppDelegate.swift */ = {isa = PBXFileReference; lastKnownFileType = sourcecode.swift; path = AppDelegate.swift; sourceTree = "<group>"; };
		EFEF7047244DFA130088E3FA /* SceneDelegate.swift */ = {isa = PBXFileReference; lastKnownFileType = sourcecode.swift; path = SceneDelegate.swift; sourceTree = "<group>"; };
		EFEF7049244DFA130088E3FA /* ContentView.swift */ = {isa = PBXFileReference; lastKnownFileType = sourcecode.swift; path = ContentView.swift; sourceTree = "<group>"; };
		EFEF704B244DFA150088E3FA /* Assets.xcassets */ = {isa = PBXFileReference; lastKnownFileType = folder.assetcatalog; path = Assets.xcassets; sourceTree = "<group>"; };
		EFEF704E244DFA150088E3FA /* Preview Assets.xcassets */ = {isa = PBXFileReference; lastKnownFileType = folder.assetcatalog; path = "Preview Assets.xcassets"; sourceTree = "<group>"; };
		EFEF7051244DFA150088E3FA /* Base */ = {isa = PBXFileReference; lastKnownFileType = file.storyboard; name = Base; path = Base.lproj/LaunchScreen.storyboard; sourceTree = "<group>"; };
		EFEF7053244DFA150088E3FA /* Info.plist */ = {isa = PBXFileReference; lastKnownFileType = text.plist.xml; path = Info.plist; sourceTree = "<group>"; };
		EFEF7058244DFA150088E3FA /* SwiftUIChatAppUITests.xctest */ = {isa = PBXFileReference; explicitFileType = wrapper.cfbundle; includeInIndex = 0; path = SwiftUIChatAppUITests.xctest; sourceTree = BUILT_PRODUCTS_DIR; };
		EFEF705C244DFA150088E3FA /* SwiftUIChatAppUITests.swift */ = {isa = PBXFileReference; lastKnownFileType = sourcecode.swift; path = SwiftUIChatAppUITests.swift; sourceTree = "<group>"; };
		EFEF705E244DFA150088E3FA /* Info.plist */ = {isa = PBXFileReference; lastKnownFileType = text.plist.xml; path = Info.plist; sourceTree = "<group>"; };
/* End PBXFileReference section */

/* Begin PBXFrameworksBuildPhase section */
		EFEF703F244DFA130088E3FA /* Frameworks */ = {
			isa = PBXFrameworksBuildPhase;
			buildActionMask = 2147483647;
			files = (
			);
			runOnlyForDeploymentPostprocessing = 0;
		};
		EFEF7055244DFA150088E3FA /* Frameworks */ = {
			isa = PBXFrameworksBuildPhase;
			buildActionMask = 2147483647;
			files = (
			);
			runOnlyForDeploymentPostprocessing = 0;
		};
/* End PBXFrameworksBuildPhase section */

/* Begin PBXGroup section */
		EFEF7039244DFA130088E3FA = {
			isa = PBXGroup;
			children = (
				EFEF7044244DFA130088E3FA /* SwiftUIChatApp */,
				EFEF705B244DFA150088E3FA /* SwiftUIChatAppUITests */,
				EFEF7043244DFA130088E3FA /* Products */,
			);
			sourceTree = "<group>";
		};
		EFEF7043244DFA130088E3FA /* Products */ = {
			isa = PBXGroup;
			children = (
				EFEF7042244DFA130088E3FA /* SwiftUIChatApp.app */,
				EFEF7058244DFA150088E3FA /* SwiftUIChatAppUITests.xctest */,
			);
			name = Products;
			sourceTree = "<group>";
		};
		EFEF7044244DFA130088E3FA /* SwiftUIChatApp */ = {
			isa = PBXGroup;
			children = (
				EFEF7045244DFA130088E3FA /* AppDelegate.swift */,
				EFEF7047244DFA130088E3FA /* SceneDelegate.swift */,
				EFEF7049244DFA130088E3FA /* ContentView.swift */,
				EFEF704B244DFA150088E3FA /* Assets.xcassets */,
				EFEF7050244DFA150088E3FA /* LaunchScreen.storyboard */,
				EFEF7053244DFA150088E3FA /* Info.plist */,
				EFEF704D244DFA150088E3FA /* Preview Content */,
			);
			path = SwiftUIChatApp;
			sourceTree = "<group>";
		};
		EFEF704D244DFA150088E3FA /* Preview Content */ = {
			isa = PBXGroup;
			children = (
				EFEF704E244DFA150088E3FA /* Preview Assets.xcassets */,
			);
			path = "Preview Content";
			sourceTree = "<group>";
		};
		EFEF705B244DFA150088E3FA /* SwiftUIChatAppUITests */ = {
			isa = PBXGroup;
			children = (
				EFEF705C244DFA150088E3FA /* SwiftUIChatAppUITests.swift */,
				EFEF705E244DFA150088E3FA /* Info.plist */,
			);
			path = SwiftUIChatAppUITests;
			sourceTree = "<group>";
		};
/* End PBXGroup section */

/* Begin PBXNativeTarget section */
		EFEF7041244DFA130088E3FA /* SwiftUIChatApp */ = {
			isa = PBXNativeTarget;
			buildConfigurationList = EFEF7061244DFA150088E3FA /* Build configuration list for PBXNativeTarget "SwiftUIChatApp" */;
			buildPhases = (
				EFEF703E244DFA130088E3FA /* Sources */,
				EFEF703F244DFA130088E3FA /* Frameworks */,
				EFEF7040244DFA130088E3FA /* Resources */,
			);
			buildRules = (
			);
			dependencies = (
			);
			name = SwiftUIChatApp;
			productName = SwiftUIChatApp;
			productReference = EFEF7042244DFA130088E3FA /* SwiftUIChatApp.app */;
			productType = "com.apple.product-type.application";
		};
		EFEF7057244DFA150088E3FA /* SwiftUIChatAppUITests */ = {
			isa = PBXNativeTarget;
			buildConfigurationList = EFEF7064244DFA150088E3FA /* Build configuration list for PBXNativeTarget "SwiftUIChatAppUITests" */;
			buildPhases = (
				EFEF7054244DFA150088E3FA /* Sources */,
				EFEF7055244DFA150088E3FA /* Frameworks */,
				EFEF7056244DFA150088E3FA /* Resources */,
			);
			buildRules = (
			);
			dependencies = (
				EFEF705A244DFA150088E3FA /* PBXTargetDependency */,
			);
			name = SwiftUIChatAppUITests;
			productName = SwiftUIChatAppUITests;
			productReference = EFEF7058244DFA150088E3FA /* SwiftUIChatAppUITests.xctest */;
			productType = "com.apple.product-type.bundle.ui-testing";
		};
/* End PBXNativeTarget section */

/* Begin PBXProject section */
		EFEF703A244DFA130088E3FA /* Project object */ = {
			isa = PBXProject;
			attributes = {
				LastSwiftUpdateCheck = 1130;
				LastUpgradeCheck = 1130;
				ORGANIZATIONNAME = "Mackenzie Bryant";
				TargetAttributes = {
					EFEF7041244DFA130088E3FA = {
						CreatedOnToolsVersion = 11.3.1;
					};
					EFEF7057244DFA150088E3FA = {
						CreatedOnToolsVersion = 11.3.1;
						TestTargetID = EFEF7041244DFA130088E3FA;
					};
				};
			};
			buildConfigurationList = EFEF703D244DFA130088E3FA /* Build configuration list for PBXProject "SwiftUIChatApp" */;
			compatibilityVersion = "Xcode 9.3";
			developmentRegion = en;
			hasScannedForEncodings = 0;
			knownRegions = (
				en,
				Base,
			);
			mainGroup = EFEF7039244DFA130088E3FA;
			productRefGroup = EFEF7043244DFA130088E3FA /* Products */;
			projectDirPath = "";
			projectRoot = "";
			targets = (
				EFEF7041244DFA130088E3FA /* SwiftUIChatApp */,
				EFEF7057244DFA150088E3FA /* SwiftUIChatAppUITests */,
			);
		};
/* End PBXProject section */

/* Begin PBXResourcesBuildPhase section */
		EFEF7040244DFA130088E3FA /* Resources */ = {
			isa = PBXResourcesBuildPhase;
			buildActionMask = 2147483647;
			files = (
				EFEF7052244DFA150088E3FA /* LaunchScreen.storyboard in Resources */,
				EFEF704F244DFA150088E3FA /* Preview Assets.xcassets in Resources */,
				EFEF704C244DFA150088E3FA /* Assets.xcassets in Resources */,
			);
			runOnlyForDeploymentPostprocessing = 0;
		};
		EFEF7056244DFA150088E3FA /* Resources */ = {
			isa = PBXResourcesBuildPhase;
			buildActionMask = 2147483647;
			files = (
			);
			runOnlyForDeploymentPostprocessing = 0;
		};
/* End PBXResourcesBuildPhase section */

/* Begin PBXSourcesBuildPhase section */
		EFEF703E244DFA130088E3FA /* Sources */ = {
			isa = PBXSourcesBuildPhase;
			buildActionMask = 2147483647;
			files = (
				EFEF7046244DFA130088E3FA /* AppDelegate.swift in Sources */,
				EFEF7048244DFA130088E3FA /* SceneDelegate.swift in Sources */,
				EFEF704A244DFA130088E3FA /* ContentView.swift in Sources */,
			);
			runOnlyForDeploymentPostprocessing = 0;
		};
		EFEF7054244DFA150088E3FA /* Sources */ = {
			isa = PBXSourcesBuildPhase;
			buildActionMask = 2147483647;
			files = (
				EFEF705D244DFA150088E3FA /* SwiftUIChatAppUITests.swift in Sources */,
			);
			runOnlyForDeploymentPostprocessing = 0;
		};
/* End PBXSourcesBuildPhase section */

/* Begin PBXTargetDependency section */
		EFEF705A244DFA150088E3FA /* PBXTargetDependency */ = {
			isa = PBXTargetDependency;
			target = EFEF7041244DFA130088E3FA /* SwiftUIChatApp */;
			targetProxy = EFEF7059244DFA150088E3FA /* PBXContainerItemProxy */;
		};
/* End PBXTargetDependency section */

/* Begin PBXVariantGroup section */
		EFEF7050244DFA150088E3FA /* LaunchScreen.storyboard */ = {
			isa = PBXVariantGroup;
			children = (
				EFEF7051244DFA150088E3FA /* Base */,
			);
			name = LaunchScreen.storyboard;
			sourceTree = "<group>";
		};
/* End PBXVariantGroup section */

/* Begin XCBuildConfiguration section */
		EFEF705F244DFA150088E3FA /* Debug */ = {
			isa = XCBuildConfiguration;
			buildSettings = {
				ALWAYS_SEARCH_USER_PATHS = NO;
				CLANG_ANALYZER_NONNULL = YES;
				CLANG_ANALYZER_NUMBER_OBJECT_CONVERSION = YES_AGGRESSIVE;
				CLANG_CXX_LANGUAGE_STANDARD = "gnu++14";
				CLANG_CXX_LIBRARY = "libc++";
				CLANG_ENABLE_MODULES = YES;
				CLANG_ENABLE_OBJC_ARC = YES;
				CLANG_ENABLE_OBJC_WEAK = YES;
				CLANG_WARN_BLOCK_CAPTURE_AUTORELEASING = YES;
				CLANG_WARN_BOOL_CONVERSION = YES;
				CLANG_WARN_COMMA = YES;
				CLANG_WARN_CONSTANT_CONVERSION = YES;
				CLANG_WARN_DEPRECATED_OBJC_IMPLEMENTATIONS = YES;
				CLANG_WARN_DIRECT_OBJC_ISA_USAGE = YES_ERROR;
				CLANG_WARN_DOCUMENTATION_COMMENTS = YES;
				CLANG_WARN_EMPTY_BODY = YES;
				CLANG_WARN_ENUM_CONVERSION = YES;
				CLANG_WARN_INFINITE_RECURSION = YES;
				CLANG_WARN_INT_CONVERSION = YES;
				CLANG_WARN_NON_LITERAL_NULL_CONVERSION = YES;
				CLANG_WARN_OBJC_IMPLICIT_RETAIN_SELF = YES;
				CLANG_WARN_OBJC_LITERAL_CONVERSION = YES;
				CLANG_WARN_OBJC_ROOT_CLASS = YES_ERROR;
				CLANG_WARN_RANGE_LOOP_ANALYSIS = YES;
				CLANG_WARN_STRICT_PROTOTYPES = YES;
				CLANG_WARN_SUSPICIOUS_MOVE = YES;
				CLANG_WARN_UNGUARDED_AVAILABILITY = YES_AGGRESSIVE;
				CLANG_WARN_UNREACHABLE_CODE = YES;
				CLANG_WARN__DUPLICATE_METHOD_MATCH = YES;
				COPY_PHASE_STRIP = NO;
				DEBUG_INFORMATION_FORMAT = dwarf;
				ENABLE_STRICT_OBJC_MSGSEND = YES;
				ENABLE_TESTABILITY = YES;
				GCC_C_LANGUAGE_STANDARD = gnu11;
				GCC_DYNAMIC_NO_PIC = NO;
				GCC_NO_COMMON_BLOCKS = YES;
				GCC_OPTIMIZATION_LEVEL = 0;
				GCC_PREPROCESSOR_DEFINITIONS = (
					"DEBUG=1",
					"$(inherited)",
				);
				GCC_WARN_64_TO_32_BIT_CONVERSION = YES;
				GCC_WARN_ABOUT_RETURN_TYPE = YES_ERROR;
				GCC_WARN_UNDECLARED_SELECTOR = YES;
				GCC_WARN_UNINITIALIZED_AUTOS = YES_AGGRESSIVE;
				GCC_WARN_UNUSED_FUNCTION = YES;
				GCC_WARN_UNUSED_VARIABLE = YES;
				IPHONEOS_DEPLOYMENT_TARGET = 13.2;
				MTL_ENABLE_DEBUG_INFO = INCLUDE_SOURCE;
				MTL_FAST_MATH = YES;
				ONLY_ACTIVE_ARCH = YES;
				SDKROOT = iphoneos;
				SWIFT_ACTIVE_COMPILATION_CONDITIONS = DEBUG;
				SWIFT_OPTIMIZATION_LEVEL = "-Onone";
			};
			name = Debug;
		};
		EFEF7060244DFA150088E3FA /* Release */ = {
			isa = XCBuildConfiguration;
			buildSettings = {
				ALWAYS_SEARCH_USER_PATHS = NO;
				CLANG_ANALYZER_NONNULL = YES;
				CLANG_ANALYZER_NUMBER_OBJECT_CONVERSION = YES_AGGRESSIVE;
				CLANG_CXX_LANGUAGE_STANDARD = "gnu++14";
				CLANG_CXX_LIBRARY = "libc++";
				CLANG_ENABLE_MODULES = YES;
				CLANG_ENABLE_OBJC_ARC = YES;
				CLANG_ENABLE_OBJC_WEAK = YES;
				CLANG_WARN_BLOCK_CAPTURE_AUTORELEASING = YES;
				CLANG_WARN_BOOL_CONVERSION = YES;
				CLANG_WARN_COMMA = YES;
				CLANG_WARN_CONSTANT_CONVERSION = YES;
				CLANG_WARN_DEPRECATED_OBJC_IMPLEMENTATIONS = YES;
				CLANG_WARN_DIRECT_OBJC_ISA_USAGE = YES_ERROR;
				CLANG_WARN_DOCUMENTATION_COMMENTS = YES;
				CLANG_WARN_EMPTY_BODY = YES;
				CLANG_WARN_ENUM_CONVERSION = YES;
				CLANG_WARN_INFINITE_RECURSION = YES;
				CLANG_WARN_INT_CONVERSION = YES;
				CLANG_WARN_NON_LITERAL_NULL_CONVERSION = YES;
				CLANG_WARN_OBJC_IMPLICIT_RETAIN_SELF = YES;
				CLANG_WARN_OBJC_LITERAL_CONVERSION = YES;
				CLANG_WARN_OBJC_ROOT_CLASS = YES_ERROR;
				CLANG_WARN_RANGE_LOOP_ANALYSIS = YES;
				CLANG_WARN_STRICT_PROTOTYPES = YES;
				CLANG_WARN_SUSPICIOUS_MOVE = YES;
				CLANG_WARN_UNGUARDED_AVAILABILITY = YES_AGGRESSIVE;
				CLANG_WARN_UNREACHABLE_CODE = YES;
				CLANG_WARN__DUPLICATE_METHOD_MATCH = YES;
				COPY_PHASE_STRIP = NO;
				DEBUG_INFORMATION_FORMAT = "dwarf-with-dsym";
				ENABLE_NS_ASSERTIONS = NO;
				ENABLE_STRICT_OBJC_MSGSEND = YES;
				GCC_C_LANGUAGE_STANDARD = gnu11;
				GCC_NO_COMMON_BLOCKS = YES;
				GCC_WARN_64_TO_32_BIT_CONVERSION = YES;
				GCC_WARN_ABOUT_RETURN_TYPE = YES_ERROR;
				GCC_WARN_UNDECLARED_SELECTOR = YES;
				GCC_WARN_UNINITIALIZED_AUTOS = YES_AGGRESSIVE;
				GCC_WARN_UNUSED_FUNCTION = YES;
				GCC_WARN_UNUSED_VARIABLE = YES;
				IPHONEOS_DEPLOYMENT_TARGET = 13.2;
				MTL_ENABLE_DEBUG_INFO = NO;
				MTL_FAST_MATH = YES;
				SDKROOT = iphoneos;
				SWIFT_COMPILATION_MODE = wholemodule;
				SWIFT_OPTIMIZATION_LEVEL = "-O";
				VALIDATE_PRODUCT = YES;
			};
			name = Release;
		};
		EFEF7062244DFA150088E3FA /* Debug */ = {
			isa = XCBuildConfiguration;
			buildSettings = {
				ASSETCATALOG_COMPILER_APPICON_NAME = AppIcon;
				CODE_SIGN_STYLE = Automatic;
				DEVELOPMENT_ASSET_PATHS = "\"SwiftUIChatApp/Preview Content\"";
				DEVELOPMENT_TEAM = Q5MMV3HZA8;
				ENABLE_PREVIEWS = YES;
				INFOPLIST_FILE = SwiftUIChatApp/Info.plist;
				LD_RUNPATH_SEARCH_PATHS = (
					"$(inherited)",
					"@executable_path/Frameworks",
				);
				PRODUCT_BUNDLE_IDENTIFIER = Me.SwiftUIChatApp;
				PRODUCT_NAME = "$(TARGET_NAME)";
				SWIFT_VERSION = 5.0;
				TARGETED_DEVICE_FAMILY = "1,2";
			};
			name = Debug;
		};
		EFEF7063244DFA150088E3FA /* Release */ = {
			isa = XCBuildConfiguration;
			buildSettings = {
				ASSETCATALOG_COMPILER_APPICON_NAME = AppIcon;
				CODE_SIGN_STYLE = Automatic;
				DEVELOPMENT_ASSET_PATHS = "\"SwiftUIChatApp/Preview Content\"";
				DEVELOPMENT_TEAM = Q5MMV3HZA8;
				ENABLE_PREVIEWS = YES;
				INFOPLIST_FILE = SwiftUIChatApp/Info.plist;
				LD_RUNPATH_SEARCH_PATHS = (
					"$(inherited)",
					"@executable_path/Frameworks",
				);
				PRODUCT_BUNDLE_IDENTIFIER = Me.SwiftUIChatApp;
				PRODUCT_NAME = "$(TARGET_NAME)";
				SWIFT_VERSION = 5.0;
				TARGETED_DEVICE_FAMILY = "1,2";
			};
			name = Release;
		};
		EFEF7065244DFA150088E3FA /* Debug */ = {
			isa = XCBuildConfiguration;
			buildSettings = {
				ALWAYS_EMBED_SWIFT_STANDARD_LIBRARIES = YES;
				CODE_SIGN_STYLE = Automatic;
				DEVELOPMENT_TEAM = Q5MMV3HZA8;
				INFOPLIST_FILE = SwiftUIChatAppUITests/Info.plist;
				LD_RUNPATH_SEARCH_PATHS = (
					"$(inherited)",
					"@executable_path/Frameworks",
					"@loader_path/Frameworks",
				);
				PRODUCT_BUNDLE_IDENTIFIER = Me.SwiftUIChatAppUITests;
				PRODUCT_NAME = "$(TARGET_NAME)";
				SWIFT_VERSION = 5.0;
				TARGETED_DEVICE_FAMILY = "1,2";
				TEST_TARGET_NAME = SwiftUIChatApp;
			};
			name = Debug;
		};
		EFEF7066244DFA150088E3FA /* Release */ = {
			isa = XCBuildConfiguration;
			buildSettings = {
				ALWAYS_EMBED_SWIFT_STANDARD_LIBRARIES = YES;
				CODE_SIGN_STYLE = Automatic;
				DEVELOPMENT_TEAM = Q5MMV3HZA8;
				INFOPLIST_FILE = SwiftUIChatAppUITests/Info.plist;
				LD_RUNPATH_SEARCH_PATHS = (
					"$(inherited)",
					"@executable_path/Frameworks",
					"@loader_path/Frameworks",
				);
				PRODUCT_BUNDLE_IDENTIFIER = Me.SwiftUIChatAppUITests;
				PRODUCT_NAME = "$(TARGET_NAME)";
				SWIFT_VERSION = 5.0;
				TARGETED_DEVICE_FAMILY = "1,2";
				TEST_TARGET_NAME = SwiftUIChatApp;
			};
			name = Release;
		};
/* End XCBuildConfiguration section */

/* Begin XCConfigurationList section */
		EFEF703D244DFA130088E3FA /* Build configuration list for PBXProject "SwiftUIChatApp" */ = {
			isa = XCConfigurationList;
			buildConfigurations = (
				EFEF705F244DFA150088E3FA /* Debug */,
				EFEF7060244DFA150088E3FA /* Release */,
			);
			defaultConfigurationIsVisible = 0;
			defaultConfigurationName = Release;
		};
		EFEF7061244DFA150088E3FA /* Build configuration list for PBXNativeTarget "SwiftUIChatApp" */ = {
			isa = XCConfigurationList;
			buildConfigurations = (
				EFEF7062244DFA150088E3FA /* Debug */,
				EFEF7063244DFA150088E3FA /* Release */,
			);
			defaultConfigurationIsVisible = 0;
			defaultConfigurationName = Release;
		};
		EFEF7064244DFA150088E3FA /* Build configuration list for PBXNativeTarget "SwiftUIChatAppUITests" */ = {
			isa = XCConfigurationList;
			buildConfigurations = (
				EFEF7065244DFA150088E3FA /* Debug */,
				EFEF7066244DFA150088E3FA /* Release */,
			);
			defaultConfigurationIsVisible = 0;
			defaultConfigurationName = Release;
		};
/* End XCConfigurationList section */
	};
	rootObject = EFEF703A244DFA130088E3FA /* Project object */;
}
